
Microsoft Visual Studio Solution File, Format Version 12.00
# Visual Studio Version 16
VisualStudioVersion = 16.0.29609.76
MinimumVisualStudioVersion = 10.0.40219.1
Project("{FAE04EC0-301F-11D3-BF4B-00C04F79EFBC}") = "AnonPrivateChat", "AnonPrivateChat.csproj", "{5128CFF3-940E-4C47-A4A0-DF9557EA450E}"
EndProject
Global
	GlobalSection(SolutionConfigurationPlatforms) = preSolution
		Debug|Any CPU = Debug|Any CPU
		Release|Any CPU = Release|Any CPU
	EndGlobalSection
	GlobalSection(ProjectConfigurationPlatforms) = postSolution
		{5128CFF3-940E-4C47-A4A0-DF9557EA450E}.Debug|Any CPU.ActiveCfg = Debug|Any CPU
		{5128CFF3-940E-4C47-A4A0-DF9557EA450E}.Debug|Any CPU.Build.0 = Debug|Any CPU
		{5128CFF3-940E-4C47-A4A0-DF9557EA450E}.Release|Any CPU.ActiveCfg = Release|Any CPU
		{5128CFF3-940E-4C47-A4A0-DF9557EA450E}.Release|Any CPU.Build.0 = Release|Any CPU
	EndGlobalSection
	GlobalSection(SolutionProperties) = preSolution
		HideSolutionNode = FALSE
	EndGlobalSection
	GlobalSection(ExtensibilityGlobals) = postSolution
		SolutionGuid = {42F8F70C-CA1E-4BF7-893E-4444D87961F5}
	EndGlobalSection
EndGlobal
